
Microsoft Visual Studio Solution File, Format Version 12.00
# Visual Studio Version 17
VisualStudioVersion = 17.5.002.0
MinimumVisualStudioVersion = 10.0.40219.1
Project("{9A19103F-16F7-4668-BE54-9A1E7A4F7556}") = "SEGUNDO_PARCIAL", "SEGUNDO_PARCIAL.csproj", "{74D0E4E7-010D-422C-8FEC-B9F674DDE7C9}"
EndProject
Global
	GlobalSection(SolutionConfigurationPlatforms) = preSolution
		Debug|Any CPU = Debug|Any CPU
		Release|Any CPU = Release|Any CPU
	EndGlobalSection
	GlobalSection(ProjectConfigurationPlatforms) = postSolution
		{74D0E4E7-010D-422C-8FEC-B9F674DDE7C9}.Debug|Any CPU.ActiveCfg = Debug|Any CPU
		{74D0E4E7-010D-422C-8FEC-B9F674DDE7C9}.Debug|Any CPU.Build.0 = Debug|Any CPU
		{74D0E4E7-010D-422C-8FEC-B9F674DDE7C9}.Release|Any CPU.ActiveCfg = Release|Any CPU
		{74D0E4E7-010D-422C-8FEC-B9F674DDE7C9}.Release|Any CPU.Build.0 = Release|Any CPU
	EndGlobalSection
	GlobalSection(SolutionProperties) = preSolution
		HideSolutionNode = FALSE
	EndGlobalSection
	GlobalSection(ExtensibilityGlobals) = postSolution
		SolutionGuid = {776B01F0-A6CD-4C45-9A9B-78CBAE4824C7}
	EndGlobalSection
EndGlobal
