
Microsoft Visual Studio Solution File, Format Version 12.00
# Visual Studio Version 17
VisualStudioVersion = 17.5.002.0
MinimumVisualStudioVersion = 10.0.40219.1
Project("{9A19103F-16F7-4668-BE54-9A1E7A4F7556}") = "pactica 5", "pactica 5.csproj", "{F84D1CE1-CEB6-419B-8A88-D92EF14F1940}"
EndProject
Global
	GlobalSection(SolutionConfigurationPlatforms) = preSolution
		Debug|Any CPU = Debug|Any CPU
		Release|Any CPU = Release|Any CPU
	EndGlobalSection
	GlobalSection(ProjectConfigurationPlatforms) = postSolution
		{F84D1CE1-CEB6-419B-8A88-D92EF14F1940}.Debug|Any CPU.ActiveCfg = Debug|Any CPU
		{F84D1CE1-CEB6-419B-8A88-D92EF14F1940}.Debug|Any CPU.Build.0 = Debug|Any CPU
		{F84D1CE1-CEB6-419B-8A88-D92EF14F1940}.Release|Any CPU.ActiveCfg = Release|Any CPU
		{F84D1CE1-CEB6-419B-8A88-D92EF14F1940}.Release|Any CPU.Build.0 = Release|Any CPU
	EndGlobalSection
	GlobalSection(SolutionProperties) = preSolution
		HideSolutionNode = FALSE
	EndGlobalSection
	GlobalSection(ExtensibilityGlobals) = postSolution
		SolutionGuid = {1A7F27E3-F622-4138-91B3-0FFB1F9FEAA5}
	EndGlobalSection
EndGlobal
