
Microsoft Visual Studio Solution File, Format Version 12.00
# Visual Studio Version 17
VisualStudioVersion = 17.5.002.0
MinimumVisualStudioVersion = 10.0.40219.1
Project("{9A19103F-16F7-4668-BE54-9A1E7A4F7556}") = "practica clase 8", "practica clase 8.csproj", "{5A2B9410-2F41-4D03-A146-8833355CFA78}"
EndProject
Global
	GlobalSection(SolutionConfigurationPlatforms) = preSolution
		Debug|Any CPU = Debug|Any CPU
		Release|Any CPU = Release|Any CPU
	EndGlobalSection
	GlobalSection(ProjectConfigurationPlatforms) = postSolution
		{5A2B9410-2F41-4D03-A146-8833355CFA78}.Debug|Any CPU.ActiveCfg = Debug|Any CPU
		{5A2B9410-2F41-4D03-A146-8833355CFA78}.Debug|Any CPU.Build.0 = Debug|Any CPU
		{5A2B9410-2F41-4D03-A146-8833355CFA78}.Release|Any CPU.ActiveCfg = Release|Any CPU
		{5A2B9410-2F41-4D03-A146-8833355CFA78}.Release|Any CPU.Build.0 = Release|Any CPU
	EndGlobalSection
	GlobalSection(SolutionProperties) = preSolution
		HideSolutionNode = FALSE
	EndGlobalSection
	GlobalSection(ExtensibilityGlobals) = postSolution
		SolutionGuid = {EE4C2519-BE87-44A9-8AE7-B08874830444}
	EndGlobalSection
EndGlobal
