
Microsoft Visual Studio Solution File, Format Version 12.00
# Visual Studio Version 17
VisualStudioVersion = 17.5.002.0
MinimumVisualStudioVersion = 10.0.40219.1
Project("{9A19103F-16F7-4668-BE54-9A1E7A4F7556}") = "practica clase 9", "practica clase 9.csproj", "{9239EAF1-0E92-428B-A937-24B03CA00C65}"
EndProject
Global
	GlobalSection(SolutionConfigurationPlatforms) = preSolution
		Debug|Any CPU = Debug|Any CPU
		Release|Any CPU = Release|Any CPU
	EndGlobalSection
	GlobalSection(ProjectConfigurationPlatforms) = postSolution
		{9239EAF1-0E92-428B-A937-24B03CA00C65}.Debug|Any CPU.ActiveCfg = Debug|Any CPU
		{9239EAF1-0E92-428B-A937-24B03CA00C65}.Debug|Any CPU.Build.0 = Debug|Any CPU
		{9239EAF1-0E92-428B-A937-24B03CA00C65}.Release|Any CPU.ActiveCfg = Release|Any CPU
		{9239EAF1-0E92-428B-A937-24B03CA00C65}.Release|Any CPU.Build.0 = Release|Any CPU
	EndGlobalSection
	GlobalSection(SolutionProperties) = preSolution
		HideSolutionNode = FALSE
	EndGlobalSection
	GlobalSection(ExtensibilityGlobals) = postSolution
		SolutionGuid = {454C865D-DAA2-42C3-85EC-5ECC82C2FB66}
	EndGlobalSection
EndGlobal
