
Microsoft Visual Studio Solution File, Format Version 12.00
# Visual Studio Version 17
VisualStudioVersion = 17.7.34221.43
MinimumVisualStudioVersion = 10.0.40219.1
Project("{FAE04EC0-301F-11D3-BF4B-00C04F79EFBC}") = "Presentacion5", "Presentacion5.csproj", "{739894D3-6B6C-43E3-868C-77D43530E7CA}"
EndProject
Global
	GlobalSection(SolutionConfigurationPlatforms) = preSolution
		Debug|Any CPU = Debug|Any CPU
		Release|Any CPU = Release|Any CPU
	EndGlobalSection
	GlobalSection(ProjectConfigurationPlatforms) = postSolution
		{739894D3-6B6C-43E3-868C-77D43530E7CA}.Debug|Any CPU.ActiveCfg = Debug|Any CPU
		{739894D3-6B6C-43E3-868C-77D43530E7CA}.Debug|Any CPU.Build.0 = Debug|Any CPU
		{739894D3-6B6C-43E3-868C-77D43530E7CA}.Release|Any CPU.ActiveCfg = Release|Any CPU
		{739894D3-6B6C-43E3-868C-77D43530E7CA}.Release|Any CPU.Build.0 = Release|Any CPU
	EndGlobalSection
	GlobalSection(SolutionProperties) = preSolution
		HideSolutionNode = FALSE
	EndGlobalSection
	GlobalSection(ExtensibilityGlobals) = postSolution
		SolutionGuid = {3267B7BB-ECB7-4F6B-A7FD-05B2D02C620C}
	EndGlobalSection
EndGlobal
