
Microsoft Visual Studio Solution File, Format Version 12.00
# Visual Studio Version 17
VisualStudioVersion = 17.5.002.0
MinimumVisualStudioVersion = 10.0.40219.1
Project("{9A19103F-16F7-4668-BE54-9A1E7A4F7556}") = "PRIMER_PARCIAL", "PRIMER_PARCIAL.csproj", "{744D8921-3C63-4F48-9015-483429D649E7}"
EndProject
Global
	GlobalSection(SolutionConfigurationPlatforms) = preSolution
		Debug|Any CPU = Debug|Any CPU
		Release|Any CPU = Release|Any CPU
	EndGlobalSection
	GlobalSection(ProjectConfigurationPlatforms) = postSolution
		{744D8921-3C63-4F48-9015-483429D649E7}.Debug|Any CPU.ActiveCfg = Debug|Any CPU
		{744D8921-3C63-4F48-9015-483429D649E7}.Debug|Any CPU.Build.0 = Debug|Any CPU
		{744D8921-3C63-4F48-9015-483429D649E7}.Release|Any CPU.ActiveCfg = Release|Any CPU
		{744D8921-3C63-4F48-9015-483429D649E7}.Release|Any CPU.Build.0 = Release|Any CPU
	EndGlobalSection
	GlobalSection(SolutionProperties) = preSolution
		HideSolutionNode = FALSE
	EndGlobalSection
	GlobalSection(ExtensibilityGlobals) = postSolution
		SolutionGuid = {F0E021C5-7644-414F-ABE4-057E4AA01D62}
	EndGlobalSection
EndGlobal
