
Microsoft Visual Studio Solution File, Format Version 12.00
# Visual Studio Version 17
VisualStudioVersion = 17.5.002.0
MinimumVisualStudioVersion = 10.0.40219.1
Project("{9A19103F-16F7-4668-BE54-9A1E7A4F7556}") = "Matrix", "Matrix.csproj", "{AD3ACEA3-334B-4D4C-9619-65D05DA1EFF5}"
EndProject
Global
	GlobalSection(SolutionConfigurationPlatforms) = preSolution
		Debug|Any CPU = Debug|Any CPU
		Release|Any CPU = Release|Any CPU
	EndGlobalSection
	GlobalSection(ProjectConfigurationPlatforms) = postSolution
		{AD3ACEA3-334B-4D4C-9619-65D05DA1EFF5}.Debug|Any CPU.ActiveCfg = Debug|Any CPU
		{AD3ACEA3-334B-4D4C-9619-65D05DA1EFF5}.Debug|Any CPU.Build.0 = Debug|Any CPU
		{AD3ACEA3-334B-4D4C-9619-65D05DA1EFF5}.Release|Any CPU.ActiveCfg = Release|Any CPU
		{AD3ACEA3-334B-4D4C-9619-65D05DA1EFF5}.Release|Any CPU.Build.0 = Release|Any CPU
	EndGlobalSection
	GlobalSection(SolutionProperties) = preSolution
		HideSolutionNode = FALSE
	EndGlobalSection
	GlobalSection(ExtensibilityGlobals) = postSolution
		SolutionGuid = {C9CC2533-4F91-4C77-8555-A6F7E92E86A4}
	EndGlobalSection
EndGlobal
