
Microsoft Visual Studio Solution File, Format Version 12.00
# Visual Studio Version 17
VisualStudioVersion = 17.5.002.0
MinimumVisualStudioVersion = 10.0.40219.1
Project("{9A19103F-16F7-4668-BE54-9A1E7A4F7556}") = "ficheros", "ficheros.csproj", "{3D89598A-746A-4BAB-B233-75CB06BE4B96}"
EndProject
Global
	GlobalSection(SolutionConfigurationPlatforms) = preSolution
		Debug|Any CPU = Debug|Any CPU
		Release|Any CPU = Release|Any CPU
	EndGlobalSection
	GlobalSection(ProjectConfigurationPlatforms) = postSolution
		{3D89598A-746A-4BAB-B233-75CB06BE4B96}.Debug|Any CPU.ActiveCfg = Debug|Any CPU
		{3D89598A-746A-4BAB-B233-75CB06BE4B96}.Debug|Any CPU.Build.0 = Debug|Any CPU
		{3D89598A-746A-4BAB-B233-75CB06BE4B96}.Release|Any CPU.ActiveCfg = Release|Any CPU
		{3D89598A-746A-4BAB-B233-75CB06BE4B96}.Release|Any CPU.Build.0 = Release|Any CPU
	EndGlobalSection
	GlobalSection(SolutionProperties) = preSolution
		HideSolutionNode = FALSE
	EndGlobalSection
	GlobalSection(ExtensibilityGlobals) = postSolution
		SolutionGuid = {A9B4AE67-D83A-4467-9575-61E6B2FD1B06}
	EndGlobalSection
EndGlobal
