
Microsoft Visual Studio Solution File, Format Version 12.00
# Visual Studio Version 17
VisualStudioVersion = 17.7.34221.43
MinimumVisualStudioVersion = 10.0.40219.1
Project("{FAE04EC0-301F-11D3-BF4B-00C04F79EFBC}") = "Program", "Program\Program.csproj", "{192FA2E5-F63A-44D3-BF5A-D0A31C18B141}"
EndProject
Global
	GlobalSection(SolutionConfigurationPlatforms) = preSolution
		Debug|Any CPU = Debug|Any CPU
		Release|Any CPU = Release|Any CPU
	EndGlobalSection
	GlobalSection(ProjectConfigurationPlatforms) = postSolution
		{192FA2E5-F63A-44D3-BF5A-D0A31C18B141}.Debug|Any CPU.ActiveCfg = Debug|Any CPU
		{192FA2E5-F63A-44D3-BF5A-D0A31C18B141}.Debug|Any CPU.Build.0 = Debug|Any CPU
		{192FA2E5-F63A-44D3-BF5A-D0A31C18B141}.Release|Any CPU.ActiveCfg = Release|Any CPU
		{192FA2E5-F63A-44D3-BF5A-D0A31C18B141}.Release|Any CPU.Build.0 = Release|Any CPU
	EndGlobalSection
	GlobalSection(SolutionProperties) = preSolution
		HideSolutionNode = FALSE
	EndGlobalSection
	GlobalSection(ExtensibilityGlobals) = postSolution
		SolutionGuid = {2379D8A1-6B12-4978-965E-47BB24309B35}
	EndGlobalSection
EndGlobal
