
Microsoft Visual Studio Solution File, Format Version 12.00
# Visual Studio Version 17
VisualStudioVersion = 17.5.002.0
MinimumVisualStudioVersion = 10.0.40219.1
Project("{9A19103F-16F7-4668-BE54-9A1E7A4F7556}") = "Ejercicio3", "Ejercicio3.csproj", "{F2172537-93F4-4563-9CF1-031560FFEF9C}"
EndProject
Global
	GlobalSection(SolutionConfigurationPlatforms) = preSolution
		Debug|Any CPU = Debug|Any CPU
		Release|Any CPU = Release|Any CPU
	EndGlobalSection
	GlobalSection(ProjectConfigurationPlatforms) = postSolution
		{F2172537-93F4-4563-9CF1-031560FFEF9C}.Debug|Any CPU.ActiveCfg = Debug|Any CPU
		{F2172537-93F4-4563-9CF1-031560FFEF9C}.Debug|Any CPU.Build.0 = Debug|Any CPU
		{F2172537-93F4-4563-9CF1-031560FFEF9C}.Release|Any CPU.ActiveCfg = Release|Any CPU
		{F2172537-93F4-4563-9CF1-031560FFEF9C}.Release|Any CPU.Build.0 = Release|Any CPU
	EndGlobalSection
	GlobalSection(SolutionProperties) = preSolution
		HideSolutionNode = FALSE
	EndGlobalSection
	GlobalSection(ExtensibilityGlobals) = postSolution
		SolutionGuid = {5EFF5408-B14D-4C40-8071-4948DECF5892}
	EndGlobalSection
EndGlobal
