
Microsoft Visual Studio Solution File, Format Version 12.00
# Visual Studio Version 17
VisualStudioVersion = 17.5.002.0
MinimumVisualStudioVersion = 10.0.40219.1
Project("{9A19103F-16F7-4668-BE54-9A1E7A4F7556}") = "Ejercicio6 unir dos array", "Ejercicio6 unir dos array.csproj", "{0F80EDE9-0463-4802-90F6-1B94CC9395DC}"
EndProject
Global
	GlobalSection(SolutionConfigurationPlatforms) = preSolution
		Debug|Any CPU = Debug|Any CPU
		Release|Any CPU = Release|Any CPU
	EndGlobalSection
	GlobalSection(ProjectConfigurationPlatforms) = postSolution
		{0F80EDE9-0463-4802-90F6-1B94CC9395DC}.Debug|Any CPU.ActiveCfg = Debug|Any CPU
		{0F80EDE9-0463-4802-90F6-1B94CC9395DC}.Debug|Any CPU.Build.0 = Debug|Any CPU
		{0F80EDE9-0463-4802-90F6-1B94CC9395DC}.Release|Any CPU.ActiveCfg = Release|Any CPU
		{0F80EDE9-0463-4802-90F6-1B94CC9395DC}.Release|Any CPU.Build.0 = Release|Any CPU
	EndGlobalSection
	GlobalSection(SolutionProperties) = preSolution
		HideSolutionNode = FALSE
	EndGlobalSection
	GlobalSection(ExtensibilityGlobals) = postSolution
		SolutionGuid = {A491FADE-7174-4625-BB2D-BF0D21E37B72}
	EndGlobalSection
EndGlobal
