
Microsoft Visual Studio Solution File, Format Version 12.00
# Visual Studio Version 17
VisualStudioVersion = 17.5.002.0
MinimumVisualStudioVersion = 10.0.40219.1
Project("{9A19103F-16F7-4668-BE54-9A1E7A4F7556}") = "practica clase 8", "practica clase 8.csproj", "{89429B9A-1AC4-48D0-B366-EFB2B0AB6906}"
EndProject
Global
	GlobalSection(SolutionConfigurationPlatforms) = preSolution
		Debug|Any CPU = Debug|Any CPU
		Release|Any CPU = Release|Any CPU
	EndGlobalSection
	GlobalSection(ProjectConfigurationPlatforms) = postSolution
		{89429B9A-1AC4-48D0-B366-EFB2B0AB6906}.Debug|Any CPU.ActiveCfg = Debug|Any CPU
		{89429B9A-1AC4-48D0-B366-EFB2B0AB6906}.Debug|Any CPU.Build.0 = Debug|Any CPU
		{89429B9A-1AC4-48D0-B366-EFB2B0AB6906}.Release|Any CPU.ActiveCfg = Release|Any CPU
		{89429B9A-1AC4-48D0-B366-EFB2B0AB6906}.Release|Any CPU.Build.0 = Release|Any CPU
	EndGlobalSection
	GlobalSection(SolutionProperties) = preSolution
		HideSolutionNode = FALSE
	EndGlobalSection
	GlobalSection(ExtensibilityGlobals) = postSolution
		SolutionGuid = {86059DFA-BB97-4422-9570-2E5C8B7E6D70}
	EndGlobalSection
EndGlobal
