
Microsoft Visual Studio Solution File, Format Version 12.00
# Visual Studio Version 17
VisualStudioVersion = 17.5.002.0
MinimumVisualStudioVersion = 10.0.40219.1
Project("{9A19103F-16F7-4668-BE54-9A1E7A4F7556}") = "clase entero", "clase entero.csproj", "{2B927A55-08D1-4EE0-B747-A598D62E79DE}"
EndProject
Global
	GlobalSection(SolutionConfigurationPlatforms) = preSolution
		Debug|Any CPU = Debug|Any CPU
		Release|Any CPU = Release|Any CPU
	EndGlobalSection
	GlobalSection(ProjectConfigurationPlatforms) = postSolution
		{2B927A55-08D1-4EE0-B747-A598D62E79DE}.Debug|Any CPU.ActiveCfg = Debug|Any CPU
		{2B927A55-08D1-4EE0-B747-A598D62E79DE}.Debug|Any CPU.Build.0 = Debug|Any CPU
		{2B927A55-08D1-4EE0-B747-A598D62E79DE}.Release|Any CPU.ActiveCfg = Release|Any CPU
		{2B927A55-08D1-4EE0-B747-A598D62E79DE}.Release|Any CPU.Build.0 = Release|Any CPU
	EndGlobalSection
	GlobalSection(SolutionProperties) = preSolution
		HideSolutionNode = FALSE
	EndGlobalSection
	GlobalSection(ExtensibilityGlobals) = postSolution
		SolutionGuid = {F50C99B0-EE5C-4B61-A4C4-FF93E4E555B8}
	EndGlobalSection
EndGlobal
