
Microsoft Visual Studio Solution File, Format Version 12.00
# Visual Studio Version 17
VisualStudioVersion = 17.5.002.0
MinimumVisualStudioVersion = 10.0.40219.1
Project("{9A19103F-16F7-4668-BE54-9A1E7A4F7556}") = "LISTADO DE ALGORITMOS", "LISTADO DE ALGORITMOS.csproj", "{6F99D1C9-6E34-4AC8-A422-57E679DB249A}"
EndProject
Global
	GlobalSection(SolutionConfigurationPlatforms) = preSolution
		Debug|Any CPU = Debug|Any CPU
		Release|Any CPU = Release|Any CPU
	EndGlobalSection
	GlobalSection(ProjectConfigurationPlatforms) = postSolution
		{6F99D1C9-6E34-4AC8-A422-57E679DB249A}.Debug|Any CPU.ActiveCfg = Debug|Any CPU
		{6F99D1C9-6E34-4AC8-A422-57E679DB249A}.Debug|Any CPU.Build.0 = Debug|Any CPU
		{6F99D1C9-6E34-4AC8-A422-57E679DB249A}.Release|Any CPU.ActiveCfg = Release|Any CPU
		{6F99D1C9-6E34-4AC8-A422-57E679DB249A}.Release|Any CPU.Build.0 = Release|Any CPU
	EndGlobalSection
	GlobalSection(SolutionProperties) = preSolution
		HideSolutionNode = FALSE
	EndGlobalSection
	GlobalSection(ExtensibilityGlobals) = postSolution
		SolutionGuid = {893E53D6-17B5-43D7-BBED-EECF8B89B7F1}
	EndGlobalSection
EndGlobal
