
Microsoft Visual Studio Solution File, Format Version 12.00
# Visual Studio Version 17
VisualStudioVersion = 17.8.34309.116
MinimumVisualStudioVersion = 10.0.40219.1
Project("{FAE04EC0-301F-11D3-BF4B-00C04F79EFBC}") = "MatrizCadena", "MatrizCadena\MatrizCadena.csproj", "{429C6DFA-4D9B-436B-A52B-0687A206C1CA}"
EndProject
Global
	GlobalSection(SolutionConfigurationPlatforms) = preSolution
		Debug|Any CPU = Debug|Any CPU
		Release|Any CPU = Release|Any CPU
	EndGlobalSection
	GlobalSection(ProjectConfigurationPlatforms) = postSolution
		{429C6DFA-4D9B-436B-A52B-0687A206C1CA}.Debug|Any CPU.ActiveCfg = Debug|Any CPU
		{429C6DFA-4D9B-436B-A52B-0687A206C1CA}.Debug|Any CPU.Build.0 = Debug|Any CPU
		{429C6DFA-4D9B-436B-A52B-0687A206C1CA}.Release|Any CPU.ActiveCfg = Release|Any CPU
		{429C6DFA-4D9B-436B-A52B-0687A206C1CA}.Release|Any CPU.Build.0 = Release|Any CPU
	EndGlobalSection
	GlobalSection(SolutionProperties) = preSolution
		HideSolutionNode = FALSE
	EndGlobalSection
	GlobalSection(ExtensibilityGlobals) = postSolution
		SolutionGuid = {5BEF4377-93FC-4883-B6B7-7D0A73969AE7}
	EndGlobalSection
EndGlobal
