
Microsoft Visual Studio Solution File, Format Version 12.00
# Visual Studio Version 17
VisualStudioVersion = 17.7.34221.43
MinimumVisualStudioVersion = 10.0.40219.1
Project("{FAE04EC0-301F-11D3-BF4B-00C04F79EFBC}") = "Presentacion10", "Presentacion10.csproj", "{DA04C5B7-6BD0-407E-951B-67D65E386480}"
EndProject
Global
	GlobalSection(SolutionConfigurationPlatforms) = preSolution
		Debug|Any CPU = Debug|Any CPU
		Release|Any CPU = Release|Any CPU
	EndGlobalSection
	GlobalSection(ProjectConfigurationPlatforms) = postSolution
		{DA04C5B7-6BD0-407E-951B-67D65E386480}.Debug|Any CPU.ActiveCfg = Debug|Any CPU
		{DA04C5B7-6BD0-407E-951B-67D65E386480}.Debug|Any CPU.Build.0 = Debug|Any CPU
		{DA04C5B7-6BD0-407E-951B-67D65E386480}.Release|Any CPU.ActiveCfg = Release|Any CPU
		{DA04C5B7-6BD0-407E-951B-67D65E386480}.Release|Any CPU.Build.0 = Release|Any CPU
	EndGlobalSection
	GlobalSection(SolutionProperties) = preSolution
		HideSolutionNode = FALSE
	EndGlobalSection
	GlobalSection(ExtensibilityGlobals) = postSolution
		SolutionGuid = {87021F5A-58DD-49E4-BD66-B088CFD3B8B0}
	EndGlobalSection
EndGlobal
