
Microsoft Visual Studio Solution File, Format Version 12.00
# Visual Studio Version 17
VisualStudioVersion = 17.5.002.0
MinimumVisualStudioVersion = 10.0.40219.1
Project("{9A19103F-16F7-4668-BE54-9A1E7A4F7556}") = "Tarea 1", "Tarea 1.csproj", "{6ADBA7D9-9531-42B7-9102-4A7374BB58C7}"
EndProject
Global
	GlobalSection(SolutionConfigurationPlatforms) = preSolution
		Debug|Any CPU = Debug|Any CPU
		Release|Any CPU = Release|Any CPU
	EndGlobalSection
	GlobalSection(ProjectConfigurationPlatforms) = postSolution
		{6ADBA7D9-9531-42B7-9102-4A7374BB58C7}.Debug|Any CPU.ActiveCfg = Debug|Any CPU
		{6ADBA7D9-9531-42B7-9102-4A7374BB58C7}.Debug|Any CPU.Build.0 = Debug|Any CPU
		{6ADBA7D9-9531-42B7-9102-4A7374BB58C7}.Release|Any CPU.ActiveCfg = Release|Any CPU
		{6ADBA7D9-9531-42B7-9102-4A7374BB58C7}.Release|Any CPU.Build.0 = Release|Any CPU
	EndGlobalSection
	GlobalSection(SolutionProperties) = preSolution
		HideSolutionNode = FALSE
	EndGlobalSection
	GlobalSection(ExtensibilityGlobals) = postSolution
		SolutionGuid = {A69A50DF-1F6A-4E21-B31F-2A2DB9F15427}
	EndGlobalSection
EndGlobal
