
Microsoft Visual Studio Solution File, Format Version 12.00
# Visual Studio Version 17
VisualStudioVersion = 17.7.34221.43
MinimumVisualStudioVersion = 10.0.40219.1
Project("{FAE04EC0-301F-11D3-BF4B-00C04F79EFBC}") = "Presentacion 6", "Presentacion 6.csproj", "{784CD6C9-F1E6-4734-B4BB-A4C082E3564F}"
EndProject
Global
	GlobalSection(SolutionConfigurationPlatforms) = preSolution
		Debug|Any CPU = Debug|Any CPU
		Release|Any CPU = Release|Any CPU
	EndGlobalSection
	GlobalSection(ProjectConfigurationPlatforms) = postSolution
		{784CD6C9-F1E6-4734-B4BB-A4C082E3564F}.Debug|Any CPU.ActiveCfg = Debug|Any CPU
		{784CD6C9-F1E6-4734-B4BB-A4C082E3564F}.Debug|Any CPU.Build.0 = Debug|Any CPU
		{784CD6C9-F1E6-4734-B4BB-A4C082E3564F}.Release|Any CPU.ActiveCfg = Release|Any CPU
		{784CD6C9-F1E6-4734-B4BB-A4C082E3564F}.Release|Any CPU.Build.0 = Release|Any CPU
	EndGlobalSection
	GlobalSection(SolutionProperties) = preSolution
		HideSolutionNode = FALSE
	EndGlobalSection
	GlobalSection(ExtensibilityGlobals) = postSolution
		SolutionGuid = {68A67A24-4104-4964-AA3A-18DE7EB3CF0C}
	EndGlobalSection
EndGlobal
