
Microsoft Visual Studio Solution File, Format Version 12.00
# Visual Studio Version 17
VisualStudioVersion = 17.5.002.0
MinimumVisualStudioVersion = 10.0.40219.1
Project("{9A19103F-16F7-4668-BE54-9A1E7A4F7556}") = "recursividad", "recursividad.csproj", "{82EFDF82-C486-40C8-B8D6-1A873C1F55FB}"
EndProject
Global
	GlobalSection(SolutionConfigurationPlatforms) = preSolution
		Debug|Any CPU = Debug|Any CPU
		Release|Any CPU = Release|Any CPU
	EndGlobalSection
	GlobalSection(ProjectConfigurationPlatforms) = postSolution
		{82EFDF82-C486-40C8-B8D6-1A873C1F55FB}.Debug|Any CPU.ActiveCfg = Debug|Any CPU
		{82EFDF82-C486-40C8-B8D6-1A873C1F55FB}.Debug|Any CPU.Build.0 = Debug|Any CPU
		{82EFDF82-C486-40C8-B8D6-1A873C1F55FB}.Release|Any CPU.ActiveCfg = Release|Any CPU
		{82EFDF82-C486-40C8-B8D6-1A873C1F55FB}.Release|Any CPU.Build.0 = Release|Any CPU
	EndGlobalSection
	GlobalSection(SolutionProperties) = preSolution
		HideSolutionNode = FALSE
	EndGlobalSection
	GlobalSection(ExtensibilityGlobals) = postSolution
		SolutionGuid = {DC1B2C41-8983-4437-BC94-0837CCD972B6}
	EndGlobalSection
EndGlobal
