
Microsoft Visual Studio Solution File, Format Version 12.00
# Visual Studio Version 17
VisualStudioVersion = 17.5.002.0
MinimumVisualStudioVersion = 10.0.40219.1
Project("{9A19103F-16F7-4668-BE54-9A1E7A4F7556}") = "recursividad", "recursividad.csproj", "{7173417A-B82F-45F1-B395-5974BAB36038}"
EndProject
Global
	GlobalSection(SolutionConfigurationPlatforms) = preSolution
		Debug|Any CPU = Debug|Any CPU
		Release|Any CPU = Release|Any CPU
	EndGlobalSection
	GlobalSection(ProjectConfigurationPlatforms) = postSolution
		{7173417A-B82F-45F1-B395-5974BAB36038}.Debug|Any CPU.ActiveCfg = Debug|Any CPU
		{7173417A-B82F-45F1-B395-5974BAB36038}.Debug|Any CPU.Build.0 = Debug|Any CPU
		{7173417A-B82F-45F1-B395-5974BAB36038}.Release|Any CPU.ActiveCfg = Release|Any CPU
		{7173417A-B82F-45F1-B395-5974BAB36038}.Release|Any CPU.Build.0 = Release|Any CPU
	EndGlobalSection
	GlobalSection(SolutionProperties) = preSolution
		HideSolutionNode = FALSE
	EndGlobalSection
	GlobalSection(ExtensibilityGlobals) = postSolution
		SolutionGuid = {7BE7AEAD-EA4F-48EF-AD48-2AEBCE4ED4E2}
	EndGlobalSection
EndGlobal
