
Microsoft Visual Studio Solution File, Format Version 12.00
# Visual Studio Version 17
VisualStudioVersion = 17.5.002.0
MinimumVisualStudioVersion = 10.0.40219.1
Project("{9A19103F-16F7-4668-BE54-9A1E7A4F7556}") = "PREGUNTA 2", "PREGUNTA 2.csproj", "{BB0C6849-3D79-4577-96F3-05ED943A1F3C}"
EndProject
Global
	GlobalSection(SolutionConfigurationPlatforms) = preSolution
		Debug|Any CPU = Debug|Any CPU
		Release|Any CPU = Release|Any CPU
	EndGlobalSection
	GlobalSection(ProjectConfigurationPlatforms) = postSolution
		{BB0C6849-3D79-4577-96F3-05ED943A1F3C}.Debug|Any CPU.ActiveCfg = Debug|Any CPU
		{BB0C6849-3D79-4577-96F3-05ED943A1F3C}.Debug|Any CPU.Build.0 = Debug|Any CPU
		{BB0C6849-3D79-4577-96F3-05ED943A1F3C}.Release|Any CPU.ActiveCfg = Release|Any CPU
		{BB0C6849-3D79-4577-96F3-05ED943A1F3C}.Release|Any CPU.Build.0 = Release|Any CPU
	EndGlobalSection
	GlobalSection(SolutionProperties) = preSolution
		HideSolutionNode = FALSE
	EndGlobalSection
	GlobalSection(ExtensibilityGlobals) = postSolution
		SolutionGuid = {4D7217F1-D9D8-4498-87BC-F4B71839B239}
	EndGlobalSection
EndGlobal
