
Microsoft Visual Studio Solution File, Format Version 12.00
# Visual Studio Version 17
VisualStudioVersion = 17.5.002.0
MinimumVisualStudioVersion = 10.0.40219.1
Project("{9A19103F-16F7-4668-BE54-9A1E7A4F7556}") = "actividad 5", "actividad 5.csproj", "{196E9F76-991F-40BC-B10A-243A9CCEE20A}"
EndProject
Global
	GlobalSection(SolutionConfigurationPlatforms) = preSolution
		Debug|Any CPU = Debug|Any CPU
		Release|Any CPU = Release|Any CPU
	EndGlobalSection
	GlobalSection(ProjectConfigurationPlatforms) = postSolution
		{196E9F76-991F-40BC-B10A-243A9CCEE20A}.Debug|Any CPU.ActiveCfg = Debug|Any CPU
		{196E9F76-991F-40BC-B10A-243A9CCEE20A}.Debug|Any CPU.Build.0 = Debug|Any CPU
		{196E9F76-991F-40BC-B10A-243A9CCEE20A}.Release|Any CPU.ActiveCfg = Release|Any CPU
		{196E9F76-991F-40BC-B10A-243A9CCEE20A}.Release|Any CPU.Build.0 = Release|Any CPU
	EndGlobalSection
	GlobalSection(SolutionProperties) = preSolution
		HideSolutionNode = FALSE
	EndGlobalSection
	GlobalSection(ExtensibilityGlobals) = postSolution
		SolutionGuid = {EECAD805-748D-4AC6-BC75-010B9197E7D9}
	EndGlobalSection
EndGlobal
