
Microsoft Visual Studio Solution File, Format Version 12.00
# Visual Studio Version 17
VisualStudioVersion = 17.5.002.0
MinimumVisualStudioVersion = 10.0.40219.1
Project("{9A19103F-16F7-4668-BE54-9A1E7A4F7556}") = "Clase 9", "Clase 9.csproj", "{FDC7054B-A554-4BAC-8480-8EDE8CC9C4E8}"
EndProject
Global
	GlobalSection(SolutionConfigurationPlatforms) = preSolution
		Debug|Any CPU = Debug|Any CPU
		Release|Any CPU = Release|Any CPU
	EndGlobalSection
	GlobalSection(ProjectConfigurationPlatforms) = postSolution
		{FDC7054B-A554-4BAC-8480-8EDE8CC9C4E8}.Debug|Any CPU.ActiveCfg = Debug|Any CPU
		{FDC7054B-A554-4BAC-8480-8EDE8CC9C4E8}.Debug|Any CPU.Build.0 = Debug|Any CPU
		{FDC7054B-A554-4BAC-8480-8EDE8CC9C4E8}.Release|Any CPU.ActiveCfg = Release|Any CPU
		{FDC7054B-A554-4BAC-8480-8EDE8CC9C4E8}.Release|Any CPU.Build.0 = Release|Any CPU
	EndGlobalSection
	GlobalSection(SolutionProperties) = preSolution
		HideSolutionNode = FALSE
	EndGlobalSection
	GlobalSection(ExtensibilityGlobals) = postSolution
		SolutionGuid = {DD4D00CE-4B6A-4F33-AD58-D7A46D1FBA83}
	EndGlobalSection
EndGlobal
