
Microsoft Visual Studio Solution File, Format Version 12.00
# Visual Studio Version 17
VisualStudioVersion = 17.5.002.0
MinimumVisualStudioVersion = 10.0.40219.1
Project("{9A19103F-16F7-4668-BE54-9A1E7A4F7556}") = "Fillero", "Fillero.csproj", "{A6B502C4-BA7B-4DDE-92B8-AD968F95952E}"
EndProject
Global
	GlobalSection(SolutionConfigurationPlatforms) = preSolution
		Debug|Any CPU = Debug|Any CPU
		Release|Any CPU = Release|Any CPU
	EndGlobalSection
	GlobalSection(ProjectConfigurationPlatforms) = postSolution
		{A6B502C4-BA7B-4DDE-92B8-AD968F95952E}.Debug|Any CPU.ActiveCfg = Debug|Any CPU
		{A6B502C4-BA7B-4DDE-92B8-AD968F95952E}.Debug|Any CPU.Build.0 = Debug|Any CPU
		{A6B502C4-BA7B-4DDE-92B8-AD968F95952E}.Release|Any CPU.ActiveCfg = Release|Any CPU
		{A6B502C4-BA7B-4DDE-92B8-AD968F95952E}.Release|Any CPU.Build.0 = Release|Any CPU
	EndGlobalSection
	GlobalSection(SolutionProperties) = preSolution
		HideSolutionNode = FALSE
	EndGlobalSection
	GlobalSection(ExtensibilityGlobals) = postSolution
		SolutionGuid = {491DCCCB-4CAB-49A9-A043-581D1A67245C}
	EndGlobalSection
EndGlobal
