
Microsoft Visual Studio Solution File, Format Version 12.00
# Visual Studio Version 17
VisualStudioVersion = 17.5.002.0
MinimumVisualStudioVersion = 10.0.40219.1
Project("{9A19103F-16F7-4668-BE54-9A1E7A4F7556}") = "Ejercicio3", "Ejercicio3.csproj", "{C1BD725C-0C0E-4394-9579-9A3EBF8B4FDD}"
EndProject
Global
	GlobalSection(SolutionConfigurationPlatforms) = preSolution
		Debug|Any CPU = Debug|Any CPU
		Release|Any CPU = Release|Any CPU
	EndGlobalSection
	GlobalSection(ProjectConfigurationPlatforms) = postSolution
		{C1BD725C-0C0E-4394-9579-9A3EBF8B4FDD}.Debug|Any CPU.ActiveCfg = Debug|Any CPU
		{C1BD725C-0C0E-4394-9579-9A3EBF8B4FDD}.Debug|Any CPU.Build.0 = Debug|Any CPU
		{C1BD725C-0C0E-4394-9579-9A3EBF8B4FDD}.Release|Any CPU.ActiveCfg = Release|Any CPU
		{C1BD725C-0C0E-4394-9579-9A3EBF8B4FDD}.Release|Any CPU.Build.0 = Release|Any CPU
	EndGlobalSection
	GlobalSection(SolutionProperties) = preSolution
		HideSolutionNode = FALSE
	EndGlobalSection
	GlobalSection(ExtensibilityGlobals) = postSolution
		SolutionGuid = {F9366C55-19B3-4B50-B85A-946B5DA845F1}
	EndGlobalSection
EndGlobal
