
Microsoft Visual Studio Solution File, Format Version 12.00
# Visual Studio Version 17
VisualStudioVersion = 17.5.002.0
MinimumVisualStudioVersion = 10.0.40219.1
Project("{9A19103F-16F7-4668-BE54-9A1E7A4F7556}") = "tarea 2", "tarea 2.csproj", "{BD32EBDB-3BF7-4E8D-B44A-7622A1720C90}"
EndProject
Global
	GlobalSection(SolutionConfigurationPlatforms) = preSolution
		Debug|Any CPU = Debug|Any CPU
		Release|Any CPU = Release|Any CPU
	EndGlobalSection
	GlobalSection(ProjectConfigurationPlatforms) = postSolution
		{BD32EBDB-3BF7-4E8D-B44A-7622A1720C90}.Debug|Any CPU.ActiveCfg = Debug|Any CPU
		{BD32EBDB-3BF7-4E8D-B44A-7622A1720C90}.Debug|Any CPU.Build.0 = Debug|Any CPU
		{BD32EBDB-3BF7-4E8D-B44A-7622A1720C90}.Release|Any CPU.ActiveCfg = Release|Any CPU
		{BD32EBDB-3BF7-4E8D-B44A-7622A1720C90}.Release|Any CPU.Build.0 = Release|Any CPU
	EndGlobalSection
	GlobalSection(SolutionProperties) = preSolution
		HideSolutionNode = FALSE
	EndGlobalSection
	GlobalSection(ExtensibilityGlobals) = postSolution
		SolutionGuid = {1456A20C-3376-464D-8305-64C4BB328AD1}
	EndGlobalSection
EndGlobal
