
Microsoft Visual Studio Solution File, Format Version 12.00
# Visual Studio Version 17
VisualStudioVersion = 17.5.002.0
MinimumVisualStudioVersion = 10.0.40219.1
Project("{9A19103F-16F7-4668-BE54-9A1E7A4F7556}") = "Clase Entera", "Clase Entera.csproj", "{C484E2D3-7A14-4EF9-8298-79CCE6312570}"
EndProject
Global
	GlobalSection(SolutionConfigurationPlatforms) = preSolution
		Debug|Any CPU = Debug|Any CPU
		Release|Any CPU = Release|Any CPU
	EndGlobalSection
	GlobalSection(ProjectConfigurationPlatforms) = postSolution
		{C484E2D3-7A14-4EF9-8298-79CCE6312570}.Debug|Any CPU.ActiveCfg = Debug|Any CPU
		{C484E2D3-7A14-4EF9-8298-79CCE6312570}.Debug|Any CPU.Build.0 = Debug|Any CPU
		{C484E2D3-7A14-4EF9-8298-79CCE6312570}.Release|Any CPU.ActiveCfg = Release|Any CPU
		{C484E2D3-7A14-4EF9-8298-79CCE6312570}.Release|Any CPU.Build.0 = Release|Any CPU
	EndGlobalSection
	GlobalSection(SolutionProperties) = preSolution
		HideSolutionNode = FALSE
	EndGlobalSection
	GlobalSection(ExtensibilityGlobals) = postSolution
		SolutionGuid = {D02C8F05-8283-46B4-98B2-4BA334AFF8B3}
	EndGlobalSection
EndGlobal
