
Microsoft Visual Studio Solution File, Format Version 12.00
# Visual Studio Version 17
VisualStudioVersion = 17.5.002.0
MinimumVisualStudioVersion = 10.0.40219.1
Project("{9A19103F-16F7-4668-BE54-9A1E7A4F7556}") = "Ejercicio8", "Ejercicio8.csproj", "{55038A96-53A1-4CDE-8FFE-C1DF5506EAB7}"
EndProject
Global
	GlobalSection(SolutionConfigurationPlatforms) = preSolution
		Debug|Any CPU = Debug|Any CPU
		Release|Any CPU = Release|Any CPU
	EndGlobalSection
	GlobalSection(ProjectConfigurationPlatforms) = postSolution
		{55038A96-53A1-4CDE-8FFE-C1DF5506EAB7}.Debug|Any CPU.ActiveCfg = Debug|Any CPU
		{55038A96-53A1-4CDE-8FFE-C1DF5506EAB7}.Debug|Any CPU.Build.0 = Debug|Any CPU
		{55038A96-53A1-4CDE-8FFE-C1DF5506EAB7}.Release|Any CPU.ActiveCfg = Release|Any CPU
		{55038A96-53A1-4CDE-8FFE-C1DF5506EAB7}.Release|Any CPU.Build.0 = Release|Any CPU
	EndGlobalSection
	GlobalSection(SolutionProperties) = preSolution
		HideSolutionNode = FALSE
	EndGlobalSection
	GlobalSection(ExtensibilityGlobals) = postSolution
		SolutionGuid = {333A0460-0CDF-455C-BA7F-522E9113601C}
	EndGlobalSection
EndGlobal
