
Microsoft Visual Studio Solution File, Format Version 12.00
# Visual Studio Version 17
VisualStudioVersion = 17.5.002.0
MinimumVisualStudioVersion = 10.0.40219.1
Project("{9A19103F-16F7-4668-BE54-9A1E7A4F7556}") = "practica2", "practica2.csproj", "{991DC1D3-0150-4571-B570-095862F8B469}"
EndProject
Global
	GlobalSection(SolutionConfigurationPlatforms) = preSolution
		Debug|Any CPU = Debug|Any CPU
		Release|Any CPU = Release|Any CPU
	EndGlobalSection
	GlobalSection(ProjectConfigurationPlatforms) = postSolution
		{991DC1D3-0150-4571-B570-095862F8B469}.Debug|Any CPU.ActiveCfg = Debug|Any CPU
		{991DC1D3-0150-4571-B570-095862F8B469}.Debug|Any CPU.Build.0 = Debug|Any CPU
		{991DC1D3-0150-4571-B570-095862F8B469}.Release|Any CPU.ActiveCfg = Release|Any CPU
		{991DC1D3-0150-4571-B570-095862F8B469}.Release|Any CPU.Build.0 = Release|Any CPU
	EndGlobalSection
	GlobalSection(SolutionProperties) = preSolution
		HideSolutionNode = FALSE
	EndGlobalSection
	GlobalSection(ExtensibilityGlobals) = postSolution
		SolutionGuid = {20819434-8C50-4CD7-92AA-4F8B77EBFCC2}
	EndGlobalSection
EndGlobal
