
Microsoft Visual Studio Solution File, Format Version 12.00
# Visual Studio Version 17
VisualStudioVersion = 17.5.002.0
MinimumVisualStudioVersion = 10.0.40219.1
Project("{9A19103F-16F7-4668-BE54-9A1E7A4F7556}") = "Practicas Segundo parcial", "Practicas Segundo parcial.csproj", "{6383EC11-D6AA-4168-BAA8-823C77BCD8C5}"
EndProject
Global
	GlobalSection(SolutionConfigurationPlatforms) = preSolution
		Debug|Any CPU = Debug|Any CPU
		Release|Any CPU = Release|Any CPU
	EndGlobalSection
	GlobalSection(ProjectConfigurationPlatforms) = postSolution
		{6383EC11-D6AA-4168-BAA8-823C77BCD8C5}.Debug|Any CPU.ActiveCfg = Debug|Any CPU
		{6383EC11-D6AA-4168-BAA8-823C77BCD8C5}.Debug|Any CPU.Build.0 = Debug|Any CPU
		{6383EC11-D6AA-4168-BAA8-823C77BCD8C5}.Release|Any CPU.ActiveCfg = Release|Any CPU
		{6383EC11-D6AA-4168-BAA8-823C77BCD8C5}.Release|Any CPU.Build.0 = Release|Any CPU
	EndGlobalSection
	GlobalSection(SolutionProperties) = preSolution
		HideSolutionNode = FALSE
	EndGlobalSection
	GlobalSection(ExtensibilityGlobals) = postSolution
		SolutionGuid = {3DFAA7F5-D680-45B4-883D-81841580F73E}
	EndGlobalSection
EndGlobal
