
Microsoft Visual Studio Solution File, Format Version 12.00
# Visual Studio Version 17
VisualStudioVersion = 17.7.34221.43
MinimumVisualStudioVersion = 10.0.40219.1
Project("{FAE04EC0-301F-11D3-BF4B-00C04F79EFBC}") = "Presentacion4", "Presentacion4.csproj", "{0A73C152-D260-4E5F-A91B-926604AF12EE}"
EndProject
Global
	GlobalSection(SolutionConfigurationPlatforms) = preSolution
		Debug|Any CPU = Debug|Any CPU
		Release|Any CPU = Release|Any CPU
	EndGlobalSection
	GlobalSection(ProjectConfigurationPlatforms) = postSolution
		{0A73C152-D260-4E5F-A91B-926604AF12EE}.Debug|Any CPU.ActiveCfg = Debug|Any CPU
		{0A73C152-D260-4E5F-A91B-926604AF12EE}.Debug|Any CPU.Build.0 = Debug|Any CPU
		{0A73C152-D260-4E5F-A91B-926604AF12EE}.Release|Any CPU.ActiveCfg = Release|Any CPU
		{0A73C152-D260-4E5F-A91B-926604AF12EE}.Release|Any CPU.Build.0 = Release|Any CPU
	EndGlobalSection
	GlobalSection(SolutionProperties) = preSolution
		HideSolutionNode = FALSE
	EndGlobalSection
	GlobalSection(ExtensibilityGlobals) = postSolution
		SolutionGuid = {CB711055-ED71-4BFF-B975-69F0713EA43B}
	EndGlobalSection
EndGlobal
